
Microsoft Visual Studio Solution File, Format Version 12.00
# Visual Studio 15
VisualStudioVersion = 15.0.28307.168
MinimumVisualStudioVersion = 10.0.40219.1
Project("{FAE04EC0-301F-11D3-BF4B-00C04F79EFBC}") = "ConsoleApp4", "ConsoleApp4\ConsoleApp4.csproj", "{0EBB2D56-75FB-4977-9CE4-F566255CD3A2}"
EndProject
Global
	GlobalSection(SolutionConfigurationPlatforms) = preSolution
		Debug|Any CPU = Debug|Any CPU
		Release|Any CPU = Release|Any CPU
	EndGlobalSection
	GlobalSection(ProjectConfigurationPlatforms) = postSolution
		{0EBB2D56-75FB-4977-9CE4-F566255CD3A2}.Debug|Any CPU.ActiveCfg = Debug|Any CPU
		{0EBB2D56-75FB-4977-9CE4-F566255CD3A2}.Debug|Any CPU.Build.0 = Debug|Any CPU
		{0EBB2D56-75FB-4977-9CE4-F566255CD3A2}.Release|Any CPU.ActiveCfg = Release|Any CPU
		{0EBB2D56-75FB-4977-9CE4-F566255CD3A2}.Release|Any CPU.Build.0 = Release|Any CPU
	EndGlobalSection
	GlobalSection(SolutionProperties) = preSolution
		HideSolutionNode = FALSE
	EndGlobalSection
	GlobalSection(ExtensibilityGlobals) = postSolution
		SolutionGuid = {0577F949-F0D9-4BC8-9C12-F1145F564B84}
	EndGlobalSection
EndGlobal
